
Microsoft Visual Studio Solution File, Format Version 12.00
# Visual Studio 15
VisualStudioVersion = 15.0.28307.1062
MinimumVisualStudioVersion = 10.0.40219.1
Project("{FAE04EC0-301F-11D3-BF4B-00C04F79EFBC}") = "ToMi.BLL", "ToMi.BLL\ToMi.BLL.csproj", "{DC68830A-18EA-49DE-8550-B5DC71FF1E70}"
EndProject
Project("{FAE04EC0-301F-11D3-BF4B-00C04F79EFBC}") = "ToMi.DAL", "ToMi.DAL\ToMi.DAL.csproj", "{7AF22C09-2B78-4D08-8952-12C32E8814E0}"
EndProject
Project("{FAE04EC0-301F-11D3-BF4B-00C04F79EFBC}") = "ToMi.Common", "ToMi.Common\ToMi.Common.csproj", "{2EF0A3AB-19D9-4074-A950-4AB7B907636B}"
EndProject
Project("{FAE04EC0-301F-11D3-BF4B-00C04F79EFBC}") = "ToMi.Win", "ToMi.Win\ToMi.Win.csproj", "{3739BB67-3D80-452C-B584-03F529922ED5}"
EndProject
Project("{FAE04EC0-301F-11D3-BF4B-00C04F79EFBC}") = "ToMi. Wpf", "ToMi. Wpf\ToMi. Wpf.csproj", "{0ABE63EC-B18D-4B86-B10F-A1F490D0BA49}"
EndProject
Project("{FAE04EC0-301F-11D3-BF4B-00C04F79EFBC}") = "ToMi.Web", "ToMi.Web\ToMi.Web.csproj", "{E6D25303-70A1-4A4A-98E1-4CF6A78FDA20}"
EndProject
Project("{2150E333-8FDC-42A3-9474-1A3956D46DE8}") = "Testy", "Testy", "{F564AD1E-4630-49CD-8C17-0A3F8958A1A7}"
EndProject
Project("{FAE04EC0-301F-11D3-BF4B-00C04F79EFBC}") = "ToMiBLLTesty", "ToMiBLLTesty\ToMiBLLTesty.csproj", "{6F5D8741-FF80-4D81-85F8-B7D1CA38F06C}"
EndProject
Project("{FAE04EC0-301F-11D3-BF4B-00C04F79EFBC}") = "ToMiCommonTesty", "ToMiCommonTesty\ToMiCommonTesty.csproj", "{BDC0F8D8-8CB5-427E-BD30-719FCDED7ADA}"
EndProject
Global
	GlobalSection(SolutionConfigurationPlatforms) = preSolution
		Debug|Any CPU = Debug|Any CPU
		Release|Any CPU = Release|Any CPU
	EndGlobalSection
	GlobalSection(ProjectConfigurationPlatforms) = postSolution
		{DC68830A-18EA-49DE-8550-B5DC71FF1E70}.Debug|Any CPU.ActiveCfg = Debug|Any CPU
		{DC68830A-18EA-49DE-8550-B5DC71FF1E70}.Debug|Any CPU.Build.0 = Debug|Any CPU
		{DC68830A-18EA-49DE-8550-B5DC71FF1E70}.Release|Any CPU.ActiveCfg = Release|Any CPU
		{DC68830A-18EA-49DE-8550-B5DC71FF1E70}.Release|Any CPU.Build.0 = Release|Any CPU
		{7AF22C09-2B78-4D08-8952-12C32E8814E0}.Debug|Any CPU.ActiveCfg = Debug|Any CPU
		{7AF22C09-2B78-4D08-8952-12C32E8814E0}.Debug|Any CPU.Build.0 = Debug|Any CPU
		{7AF22C09-2B78-4D08-8952-12C32E8814E0}.Release|Any CPU.ActiveCfg = Release|Any CPU
		{7AF22C09-2B78-4D08-8952-12C32E8814E0}.Release|Any CPU.Build.0 = Release|Any CPU
		{2EF0A3AB-19D9-4074-A950-4AB7B907636B}.Debug|Any CPU.ActiveCfg = Debug|Any CPU
		{2EF0A3AB-19D9-4074-A950-4AB7B907636B}.Debug|Any CPU.Build.0 = Debug|Any CPU
		{2EF0A3AB-19D9-4074-A950-4AB7B907636B}.Release|Any CPU.ActiveCfg = Release|Any CPU
		{2EF0A3AB-19D9-4074-A950-4AB7B907636B}.Release|Any CPU.Build.0 = Release|Any CPU
		{3739BB67-3D80-452C-B584-03F529922ED5}.Debug|Any CPU.ActiveCfg = Debug|Any CPU
		{3739BB67-3D80-452C-B584-03F529922ED5}.Debug|Any CPU.Build.0 = Debug|Any CPU
		{3739BB67-3D80-452C-B584-03F529922ED5}.Release|Any CPU.ActiveCfg = Release|Any CPU
		{3739BB67-3D80-452C-B584-03F529922ED5}.Release|Any CPU.Build.0 = Release|Any CPU
		{0ABE63EC-B18D-4B86-B10F-A1F490D0BA49}.Debug|Any CPU.ActiveCfg = Debug|Any CPU
		{0ABE63EC-B18D-4B86-B10F-A1F490D0BA49}.Debug|Any CPU.Build.0 = Debug|Any CPU
		{0ABE63EC-B18D-4B86-B10F-A1F490D0BA49}.Release|Any CPU.ActiveCfg = Release|Any CPU
		{0ABE63EC-B18D-4B86-B10F-A1F490D0BA49}.Release|Any CPU.Build.0 = Release|Any CPU
		{E6D25303-70A1-4A4A-98E1-4CF6A78FDA20}.Debug|Any CPU.ActiveCfg = Debug|Any CPU
		{E6D25303-70A1-4A4A-98E1-4CF6A78FDA20}.Debug|Any CPU.Build.0 = Debug|Any CPU
		{E6D25303-70A1-4A4A-98E1-4CF6A78FDA20}.Release|Any CPU.ActiveCfg = Release|Any CPU
		{E6D25303-70A1-4A4A-98E1-4CF6A78FDA20}.Release|Any CPU.Build.0 = Release|Any CPU
		{6F5D8741-FF80-4D81-85F8-B7D1CA38F06C}.Debug|Any CPU.ActiveCfg = Debug|Any CPU
		{6F5D8741-FF80-4D81-85F8-B7D1CA38F06C}.Debug|Any CPU.Build.0 = Debug|Any CPU
		{6F5D8741-FF80-4D81-85F8-B7D1CA38F06C}.Release|Any CPU.ActiveCfg = Release|Any CPU
		{6F5D8741-FF80-4D81-85F8-B7D1CA38F06C}.Release|Any CPU.Build.0 = Release|Any CPU
		{BDC0F8D8-8CB5-427E-BD30-719FCDED7ADA}.Debug|Any CPU.ActiveCfg = Debug|Any CPU
		{BDC0F8D8-8CB5-427E-BD30-719FCDED7ADA}.Debug|Any CPU.Build.0 = Debug|Any CPU
		{BDC0F8D8-8CB5-427E-BD30-719FCDED7ADA}.Release|Any CPU.ActiveCfg = Release|Any CPU
		{BDC0F8D8-8CB5-427E-BD30-719FCDED7ADA}.Release|Any CPU.Build.0 = Release|Any CPU
	EndGlobalSection
	GlobalSection(SolutionProperties) = preSolution
		HideSolutionNode = FALSE
	EndGlobalSection
	GlobalSection(NestedProjects) = preSolution
		{6F5D8741-FF80-4D81-85F8-B7D1CA38F06C} = {F564AD1E-4630-49CD-8C17-0A3F8958A1A7}
		{BDC0F8D8-8CB5-427E-BD30-719FCDED7ADA} = {F564AD1E-4630-49CD-8C17-0A3F8958A1A7}
	EndGlobalSection
	GlobalSection(ExtensibilityGlobals) = postSolution
		SolutionGuid = {8BAD701C-17EE-4D76-BF93-B77583726961}
	EndGlobalSection
EndGlobal
